
Microsoft Visual Studio Solution File, Format Version 12.00
# Visual Studio Version 17
VisualStudioVersion = 17.11.35222.181
MinimumVisualStudioVersion = 10.0.40219.1
Project("{FAE04EC0-301F-11D3-BF4B-00C04F79EFBC}") = "ejercicioREST", "ejercicioREST\ejercicioREST.csproj", "{3F919BBF-51BC-489B-BA83-E83E47E33785}"
EndProject
Global
	GlobalSection(SolutionConfigurationPlatforms) = preSolution
		Debug|Any CPU = Debug|Any CPU
		Release|Any CPU = Release|Any CPU
	EndGlobalSection
	GlobalSection(ProjectConfigurationPlatforms) = postSolution
		{3F919BBF-51BC-489B-BA83-E83E47E33785}.Debug|Any CPU.ActiveCfg = Debug|Any CPU
		{3F919BBF-51BC-489B-BA83-E83E47E33785}.Debug|Any CPU.Build.0 = Debug|Any CPU
		{3F919BBF-51BC-489B-BA83-E83E47E33785}.Release|Any CPU.ActiveCfg = Release|Any CPU
		{3F919BBF-51BC-489B-BA83-E83E47E33785}.Release|Any CPU.Build.0 = Release|Any CPU
	EndGlobalSection
	GlobalSection(SolutionProperties) = preSolution
		HideSolutionNode = FALSE
	EndGlobalSection
	GlobalSection(ExtensibilityGlobals) = postSolution
		SolutionGuid = {8E4F599B-2DB5-4D9A-9376-91C3A6E8CE2D}
	EndGlobalSection
EndGlobal
